// !$*UTF8*$!
{
	archiveVersion = 1;
	classes = {
	};
	objectVersion = 46;
	objects = {

/* Begin PBXGroup section */
		63E5472F19DD6D8A0085F693 = {
			isa = PBXGroup;
			children = (
			);
			sourceTree = "<group>";
		};
/* End PBXGroup section */

/* Begin PBXProject section */
		63E5473019DD6D8A0085F693 /* Project object */ = {
			isa = PBXProject;
			attributes = {
				LastUpgradeCheck = 0610;
			};
			buildConfigurationList = 63E5473319DD6D8A0085F693 /* Build configuration list for PBXProject "VIewSwittcher" */;
			compatibilityVersion = "Xcode 3.2";
			developmentRegion = English;
			hasScannedForEncodings = 0;
			knownRegions = (
				en,
			);
			mainGroup = 63E5472F19DD6D8A0085F693;
			projectDirPath = "";
			projectRoot = "";
			targets = (
			);
		};
/* End PBXProject section */

/* Begin XCBuildConfiguration section */
		63E5473419DD6D8A0085F693 /* Debug */ = {
			isa = XCBuildConfiguration;
			buildSettings = {
			};
			name = Debug;
		};
		63E5473519DD6D8A0085F693 /* Release */ = {
			isa = XCBuildConfiguration;
			buildSettings = {
			};
			name = Release;
		};
/* End XCBuildConfiguration section */

/* Begin XCConfigurationList section */
		63E5473319DD6D8A0085F693 /* Build configuration list for PBXProject "VIewSwittcher" */ = {
			isa = XCConfigurationList;
			buildConfigurations = (
				63E5473419DD6D8A0085F693 /* Debug */,
				63E5473519DD6D8A0085F693 /* Release */,
			);
			defaultConfigurationIsVisible = 0;
			defaultConfigurationName = Release;
		};
/* End XCConfigurationList section */
	};
	rootObject = 63E5473019DD6D8A0085F693 /* Project object */;
}
