// !$*UTF8*$!
{
	archiveVersion = 1;
	classes = {
	};
	objectVersion = 46;
	objects = {

/* Begin PBXBuildFile section */
		63F544A119D85FCC00B3C0CE /* main.m in Sources */ = {isa = PBXBuildFile; fileRef = 63F544A019D85FCC00B3C0CE /* main.m */; };
		63F544A419D85FCC00B3C0CE /* AppDelegate.m in Sources */ = {isa = PBXBuildFile; fileRef = 63F544A319D85FCC00B3C0CE /* AppDelegate.m */; };
		63F544A719D85FCC00B3C0CE /* ViewController.m in Sources */ = {isa = PBXBuildFile; fileRef = 63F544A619D85FCC00B3C0CE /* ViewController.m */; };
		63F544AA19D85FCC00B3C0CE /* Main.storyboard in Resources */ = {isa = PBXBuildFile; fileRef = 63F544A819D85FCC00B3C0CE /* Main.storyboard */; };
		63F544AC19D85FCC00B3C0CE /* Images.xcassets in Resources */ = {isa = PBXBuildFile; fileRef = 63F544AB19D85FCC00B3C0CE /* Images.xcassets */; };
		63F544AF19D85FCC00B3C0CE /* LaunchScreen.xib in Resources */ = {isa = PBXBuildFile; fileRef = 63F544AD19D85FCC00B3C0CE /* LaunchScreen.xib */; };
		63F544BB19D85FCC00B3C0CE /* chapter_5Tests.m in Sources */ = {isa = PBXBuildFile; fileRef = 63F544BA19D85FCC00B3C0CE /* chapter_5Tests.m */; };
/* End PBXBuildFile section */

/* Begin PBXContainerItemProxy section */
		63F544B519D85FCC00B3C0CE /* PBXContainerItemProxy */ = {
			isa = PBXContainerItemProxy;
			containerPortal = 63F5449319D85FCC00B3C0CE /* Project object */;
			proxyType = 1;
			remoteGlobalIDString = 63F5449A19D85FCC00B3C0CE;
			remoteInfo = "chapter 5";
		};
/* End PBXContainerItemProxy section */

/* Begin PBXFileReference section */
		63F5449B19D85FCC00B3C0CE /* chapter 5.app */ = {isa = PBXFileReference; explicitFileType = wrapper.application; includeInIndex = 0; path = "chapter 5.app"; sourceTree = BUILT_PRODUCTS_DIR; };
		63F5449F19D85FCC00B3C0CE /* Info.plist */ = {isa = PBXFileReference; lastKnownFileType = text.plist.xml; path = Info.plist; sourceTree = "<group>"; };
		63F544A019D85FCC00B3C0CE /* main.m */ = {isa = PBXFileReference; lastKnownFileType = sourcecode.c.objc; path = main.m; sourceTree = "<group>"; };
		63F544A219D85FCC00B3C0CE /* AppDelegate.h */ = {isa = PBXFileReference; lastKnownFileType = sourcecode.c.h; path = AppDelegate.h; sourceTree = "<group>"; };
		63F544A319D85FCC00B3C0CE /* AppDelegate.m */ = {isa = PBXFileReference; lastKnownFileType = sourcecode.c.objc; path = AppDelegate.m; sourceTree = "<group>"; };
		63F544A519D85FCC00B3C0CE /* ViewController.h */ = {isa = PBXFileReference; lastKnownFileType = sourcecode.c.h; path = ViewController.h; sourceTree = "<group>"; };
		63F544A619D85FCC00B3C0CE /* ViewController.m */ = {isa = PBXFileReference; lastKnownFileType = sourcecode.c.objc; path = ViewController.m; sourceTree = "<group>"; };
		63F544A919D85FCC00B3C0CE /* Base */ = {isa = PBXFileReference; lastKnownFileType = file.storyboard; name = Base; path = Base.lproj/Main.storyboard; sourceTree = "<group>"; };
		63F544AB19D85FCC00B3C0CE /* Images.xcassets */ = {isa = PBXFileReference; lastKnownFileType = folder.assetcatalog; path = Images.xcassets; sourceTree = "<group>"; };
		63F544AE19D85FCC00B3C0CE /* Base */ = {isa = PBXFileReference; lastKnownFileType = file.xib; name = Base; path = Base.lproj/LaunchScreen.xib; sourceTree = "<group>"; };
		63F544B419D85FCC00B3C0CE /* chapter 5Tests.xctest */ = {isa = PBXFileReference; explicitFileType = wrapper.cfbundle; includeInIndex = 0; path = "chapter 5Tests.xctest"; sourceTree = BUILT_PRODUCTS_DIR; };
		63F544B919D85FCC00B3C0CE /* Info.plist */ = {isa = PBXFileReference; lastKnownFileType = text.plist.xml; path = Info.plist; sourceTree = "<group>"; };
		63F544BA19D85FCC00B3C0CE /* chapter_5Tests.m */ = {isa = PBXFileReference; lastKnownFileType = sourcecode.c.objc; path = chapter_5Tests.m; sourceTree = "<group>"; };
/* End PBXFileReference section */

/* Begin PBXFrameworksBuildPhase section */
		63F5449819D85FCC00B3C0CE /* Frameworks */ = {
			isa = PBXFrameworksBuildPhase;
			buildActionMask = 2147483647;
			files = (
			);
			runOnlyForDeploymentPostprocessing = 0;
		};
		63F544B119D85FCC00B3C0CE /* Frameworks */ = {
			isa = PBXFrameworksBuildPhase;
			buildActionMask = 2147483647;
			files = (
			);
			runOnlyForDeploymentPostprocessing = 0;
		};
/* End PBXFrameworksBuildPhase section */

/* Begin PBXGroup section */
		63F5449219D85FCC00B3C0CE = {
			isa = PBXGroup;
			children = (
				63F5449D19D85FCC00B3C0CE /* chapter 5 */,
				63F544B719D85FCC00B3C0CE /* chapter 5Tests */,
				63F5449C19D85FCC00B3C0CE /* Products */,
			);
			sourceTree = "<group>";
		};
		63F5449C19D85FCC00B3C0CE /* Products */ = {
			isa = PBXGroup;
			children = (
				63F5449B19D85FCC00B3C0CE /* chapter 5.app */,
				63F544B419D85FCC00B3C0CE /* chapter 5Tests.xctest */,
			);
			name = Products;
			sourceTree = "<group>";
		};
		63F5449D19D85FCC00B3C0CE /* chapter 5 */ = {
			isa = PBXGroup;
			children = (
				63F544A219D85FCC00B3C0CE /* AppDelegate.h */,
				63F544A319D85FCC00B3C0CE /* AppDelegate.m */,
				63F544A519D85FCC00B3C0CE /* ViewController.h */,
				63F544A619D85FCC00B3C0CE /* ViewController.m */,
				63F544A819D85FCC00B3C0CE /* Main.storyboard */,
				63F544AB19D85FCC00B3C0CE /* Images.xcassets */,
				63F544AD19D85FCC00B3C0CE /* LaunchScreen.xib */,
				63F5449E19D85FCC00B3C0CE /* Supporting Files */,
			);
			path = "chapter 5";
			sourceTree = "<group>";
		};
		63F5449E19D85FCC00B3C0CE /* Supporting Files */ = {
			isa = PBXGroup;
			children = (
				63F5449F19D85FCC00B3C0CE /* Info.plist */,
				63F544A019D85FCC00B3C0CE /* main.m */,
			);
			name = "Supporting Files";
			sourceTree = "<group>";
		};
		63F544B719D85FCC00B3C0CE /* chapter 5Tests */ = {
			isa = PBXGroup;
			children = (
				63F544BA19D85FCC00B3C0CE /* chapter_5Tests.m */,
				63F544B819D85FCC00B3C0CE /* Supporting Files */,
			);
			path = "chapter 5Tests";
			sourceTree = "<group>";
		};
		63F544B819D85FCC00B3C0CE /* Supporting Files */ = {
			isa = PBXGroup;
			children = (
				63F544B919D85FCC00B3C0CE /* Info.plist */,
			);
			name = "Supporting Files";
			sourceTree = "<group>";
		};
/* End PBXGroup section */

/* Begin PBXNativeTarget section */
		63F5449A19D85FCC00B3C0CE /* chapter 5 */ = {
			isa = PBXNativeTarget;
			buildConfigurationList = 63F544BE19D85FCC00B3C0CE /* Build configuration list for PBXNativeTarget "chapter 5" */;
			buildPhases = (
				63F5449719D85FCC00B3C0CE /* Sources */,
				63F5449819D85FCC00B3C0CE /* Frameworks */,
				63F5449919D85FCC00B3C0CE /* Resources */,
			);
			buildRules = (
			);
			dependencies = (
			);
			name = "chapter 5";
			productName = "chapter 5";
			productReference = 63F5449B19D85FCC00B3C0CE /* chapter 5.app */;
			productType = "com.apple.product-type.application";
		};
		63F544B319D85FCC00B3C0CE /* chapter 5Tests */ = {
			isa = PBXNativeTarget;
			buildConfigurationList = 63F544C119D85FCC00B3C0CE /* Build configuration list for PBXNativeTarget "chapter 5Tests" */;
			buildPhases = (
				63F544B019D85FCC00B3C0CE /* Sources */,
				63F544B119D85FCC00B3C0CE /* Frameworks */,
				63F544B219D85FCC00B3C0CE /* Resources */,
			);
			buildRules = (
			);
			dependencies = (
				63F544B619D85FCC00B3C0CE /* PBXTargetDependency */,
			);
			name = "chapter 5Tests";
			productName = "chapter 5Tests";
			productReference = 63F544B419D85FCC00B3C0CE /* chapter 5Tests.xctest */;
			productType = "com.apple.product-type.bundle.unit-test";
		};
/* End PBXNativeTarget section */

/* Begin PBXProject section */
		63F5449319D85FCC00B3C0CE /* Project object */ = {
			isa = PBXProject;
			attributes = {
				LastUpgradeCheck = 0610;
				ORGANIZATIONNAME = jarvis;
				TargetAttributes = {
					63F5449A19D85FCC00B3C0CE = {
						CreatedOnToolsVersion = 6.1;
					};
					63F544B319D85FCC00B3C0CE = {
						CreatedOnToolsVersion = 6.1;
						TestTargetID = 63F5449A19D85FCC00B3C0CE;
					};
				};
			};
			buildConfigurationList = 63F5449619D85FCC00B3C0CE /* Build configuration list for PBXProject "chapter 5" */;
			compatibilityVersion = "Xcode 3.2";
			developmentRegion = English;
			hasScannedForEncodings = 0;
			knownRegions = (
				en,
				Base,
			);
			mainGroup = 63F5449219D85FCC00B3C0CE;
			productRefGroup = 63F5449C19D85FCC00B3C0CE /* Products */;
			projectDirPath = "";
			projectRoot = "";
			targets = (
				63F5449A19D85FCC00B3C0CE /* chapter 5 */,
				63F544B319D85FCC00B3C0CE /* chapter 5Tests */,
			);
		};
/* End PBXProject section */

/* Begin PBXResourcesBuildPhase section */
		63F5449919D85FCC00B3C0CE /* Resources */ = {
			isa = PBXResourcesBuildPhase;
			buildActionMask = 2147483647;
			files = (
				63F544AA19D85FCC00B3C0CE /* Main.storyboard in Resources */,
				63F544AF19D85FCC00B3C0CE /* LaunchScreen.xib in Resources */,
				63F544AC19D85FCC00B3C0CE /* Images.xcassets in Resources */,
			);
			runOnlyForDeploymentPostprocessing = 0;
		};
		63F544B219D85FCC00B3C0CE /* Resources */ = {
			isa = PBXResourcesBuildPhase;
			buildActionMask = 2147483647;
			files = (
			);
			runOnlyForDeploymentPostprocessing = 0;
		};
/* End PBXResourcesBuildPhase section */

/* Begin PBXSourcesBuildPhase section */
		63F5449719D85FCC00B3C0CE /* Sources */ = {
			isa = PBXSourcesBuildPhase;
			buildActionMask = 2147483647;
			files = (
				63F544A719D85FCC00B3C0CE /* ViewController.m in Sources */,
				63F544A419D85FCC00B3C0CE /* AppDelegate.m in Sources */,
				63F544A119D85FCC00B3C0CE /* main.m in Sources */,
			);
			runOnlyForDeploymentPostprocessing = 0;
		};
		63F544B019D85FCC00B3C0CE /* Sources */ = {
			isa = PBXSourcesBuildPhase;
			buildActionMask = 2147483647;
			files = (
				63F544BB19D85FCC00B3C0CE /* chapter_5Tests.m in Sources */,
			);
			runOnlyForDeploymentPostprocessing = 0;
		};
/* End PBXSourcesBuildPhase section */

/* Begin PBXTargetDependency section */
		63F544B619D85FCC00B3C0CE /* PBXTargetDependency */ = {
			isa = PBXTargetDependency;
			target = 63F5449A19D85FCC00B3C0CE /* chapter 5 */;
			targetProxy = 63F544B519D85FCC00B3C0CE /* PBXContainerItemProxy */;
		};
/* End PBXTargetDependency section */

/* Begin PBXVariantGroup section */
		63F544A819D85FCC00B3C0CE /* Main.storyboard */ = {
			isa = PBXVariantGroup;
			children = (
				63F544A919D85FCC00B3C0CE /* Base */,
			);
			name = Main.storyboard;
			sourceTree = "<group>";
		};
		63F544AD19D85FCC00B3C0CE /* LaunchScreen.xib */ = {
			isa = PBXVariantGroup;
			children = (
				63F544AE19D85FCC00B3C0CE /* Base */,
			);
			name = LaunchScreen.xib;
			sourceTree = "<group>";
		};
/* End PBXVariantGroup section */

/* Begin XCBuildConfiguration section */
		63F544BC19D85FCC00B3C0CE /* Debug */ = {
			isa = XCBuildConfiguration;
			buildSettings = {
				ALWAYS_SEARCH_USER_PATHS = NO;
				CLANG_CXX_LANGUAGE_STANDARD = "gnu++0x";
				CLANG_CXX_LIBRARY = "libc++";
				CLANG_ENABLE_MODULES = YES;
				CLANG_ENABLE_OBJC_ARC = YES;
				CLANG_WARN_BOOL_CONVERSION = YES;
				CLANG_WARN_CONSTANT_CONVERSION = YES;
				CLANG_WARN_DIRECT_OBJC_ISA_USAGE = YES_ERROR;
				CLANG_WARN_EMPTY_BODY = YES;
				CLANG_WARN_ENUM_CONVERSION = YES;
				CLANG_WARN_INT_CONVERSION = YES;
				CLANG_WARN_OBJC_ROOT_CLASS = YES_ERROR;
				CLANG_WARN_UNREACHABLE_CODE = YES;
				CLANG_WARN__DUPLICATE_METHOD_MATCH = YES;
				"CODE_SIGN_IDENTITY[sdk=iphoneos*]" = "iPhone Developer";
				COPY_PHASE_STRIP = NO;
				ENABLE_STRICT_OBJC_MSGSEND = YES;
				GCC_C_LANGUAGE_STANDARD = gnu99;
				GCC_DYNAMIC_NO_PIC = NO;
				GCC_OPTIMIZATION_LEVEL = 0;
				GCC_PREPROCESSOR_DEFINITIONS = (
					"DEBUG=1",
					"$(inherited)",
				);
				GCC_SYMBOLS_PRIVATE_EXTERN = NO;
				GCC_WARN_64_TO_32_BIT_CONVERSION = YES;
				GCC_WARN_ABOUT_RETURN_TYPE = YES_ERROR;
				GCC_WARN_UNDECLARED_SELECTOR = YES;
				GCC_WARN_UNINITIALIZED_AUTOS = YES_AGGRESSIVE;
				GCC_WARN_UNUSED_FUNCTION = YES;
				GCC_WARN_UNUSED_VARIABLE = YES;
				IPHONEOS_DEPLOYMENT_TARGET = 8.0;
				MTL_ENABLE_DEBUG_INFO = YES;
				ONLY_ACTIVE_ARCH = YES;
				SDKROOT = iphoneos;
				TARGETED_DEVICE_FAMILY = "1,2";
			};
			name = Debug;
		};
		63F544BD19D85FCC00B3C0CE /* Release */ = {
			isa = XCBuildConfiguration;
			buildSettings = {
				ALWAYS_SEARCH_USER_PATHS = NO;
				CLANG_CXX_LANGUAGE_STANDARD = "gnu++0x";
				CLANG_CXX_LIBRARY = "libc++";
				CLANG_ENABLE_MODULES = YES;
				CLANG_ENABLE_OBJC_ARC = YES;
				CLANG_WARN_BOOL_CONVERSION = YES;
				CLANG_WARN_CONSTANT_CONVERSION = YES;
				CLANG_WARN_DIRECT_OBJC_ISA_USAGE = YES_ERROR;
				CLANG_WARN_EMPTY_BODY = YES;
				CLANG_WARN_ENUM_CONVERSION = YES;
				CLANG_WARN_INT_CONVERSION = YES;
				CLANG_WARN_OBJC_ROOT_CLASS = YES_ERROR;
				CLANG_WARN_UNREACHABLE_CODE = YES;
				CLANG_WARN__DUPLICATE_METHOD_MATCH = YES;
				"CODE_SIGN_IDENTITY[sdk=iphoneos*]" = "iPhone Developer";
				COPY_PHASE_STRIP = YES;
				ENABLE_NS_ASSERTIONS = NO;
				ENABLE_STRICT_OBJC_MSGSEND = YES;
				GCC_C_LANGUAGE_STANDARD = gnu99;
				GCC_WARN_64_TO_32_BIT_CONVERSION = YES;
				GCC_WARN_ABOUT_RETURN_TYPE = YES_ERROR;
				GCC_WARN_UNDECLARED_SELECTOR = YES;
				GCC_WARN_UNINITIALIZED_AUTOS = YES_AGGRESSIVE;
				GCC_WARN_UNUSED_FUNCTION = YES;
				GCC_WARN_UNUSED_VARIABLE = YES;
				IPHONEOS_DEPLOYMENT_TARGET = 8.0;
				MTL_ENABLE_DEBUG_INFO = NO;
				SDKROOT = iphoneos;
				TARGETED_DEVICE_FAMILY = "1,2";
				VALIDATE_PRODUCT = YES;
			};
			name = Release;
		};
		63F544BF19D85FCC00B3C0CE /* Debug */ = {
			isa = XCBuildConfiguration;
			buildSettings = {
				ASSETCATALOG_COMPILER_APPICON_NAME = AppIcon;
				INFOPLIST_FILE = "chapter 5/Info.plist";
				IPHONEOS_DEPLOYMENT_TARGET = 6.0;
				LD_RUNPATH_SEARCH_PATHS = "$(inherited) @executable_path/Frameworks";
				PRODUCT_NAME = "$(TARGET_NAME)";
			};
			name = Debug;
		};
		63F544C019D85FCC00B3C0CE /* Release */ = {
			isa = XCBuildConfiguration;
			buildSettings = {
				ASSETCATALOG_COMPILER_APPICON_NAME = AppIcon;
				INFOPLIST_FILE = "chapter 5/Info.plist";
				IPHONEOS_DEPLOYMENT_TARGET = 6.0;
				LD_RUNPATH_SEARCH_PATHS = "$(inherited) @executable_path/Frameworks";
				PRODUCT_NAME = "$(TARGET_NAME)";
			};
			name = Release;
		};
		63F544C219D85FCC00B3C0CE /* Debug */ = {
			isa = XCBuildConfiguration;
			buildSettings = {
				BUNDLE_LOADER = "$(TEST_HOST)";
				FRAMEWORK_SEARCH_PATHS = (
					"$(SDKROOT)/Developer/Library/Frameworks",
					"$(inherited)",
				);
				GCC_PREPROCESSOR_DEFINITIONS = (
					"DEBUG=1",
					"$(inherited)",
				);
				INFOPLIST_FILE = "chapter 5Tests/Info.plist";
				LD_RUNPATH_SEARCH_PATHS = "$(inherited) @executable_path/Frameworks @loader_path/Frameworks";
				PRODUCT_NAME = "$(TARGET_NAME)";
				TEST_HOST = "$(BUILT_PRODUCTS_DIR)/chapter 5.app/chapter 5";
			};
			name = Debug;
		};
		63F544C319D85FCC00B3C0CE /* Release */ = {
			isa = XCBuildConfiguration;
			buildSettings = {
				BUNDLE_LOADER = "$(TEST_HOST)";
				FRAMEWORK_SEARCH_PATHS = (
					"$(SDKROOT)/Developer/Library/Frameworks",
					"$(inherited)",
				);
				INFOPLIST_FILE = "chapter 5Tests/Info.plist";
				LD_RUNPATH_SEARCH_PATHS = "$(inherited) @executable_path/Frameworks @loader_path/Frameworks";
				PRODUCT_NAME = "$(TARGET_NAME)";
				TEST_HOST = "$(BUILT_PRODUCTS_DIR)/chapter 5.app/chapter 5";
			};
			name = Release;
		};
/* End XCBuildConfiguration section */

/* Begin XCConfigurationList section */
		63F5449619D85FCC00B3C0CE /* Build configuration list for PBXProject "chapter 5" */ = {
			isa = XCConfigurationList;
			buildConfigurations = (
				63F544BC19D85FCC00B3C0CE /* Debug */,
				63F544BD19D85FCC00B3C0CE /* Release */,
			);
			defaultConfigurationIsVisible = 0;
			defaultConfigurationName = Release;
		};
		63F544BE19D85FCC00B3C0CE /* Build configuration list for PBXNativeTarget "chapter 5" */ = {
			isa = XCConfigurationList;
			buildConfigurations = (
				63F544BF19D85FCC00B3C0CE /* Debug */,
				63F544C019D85FCC00B3C0CE /* Release */,
			);
			defaultConfigurationIsVisible = 0;
		};
		63F544C119D85FCC00B3C0CE /* Build configuration list for PBXNativeTarget "chapter 5Tests" */ = {
			isa = XCConfigurationList;
			buildConfigurations = (
				63F544C219D85FCC00B3C0CE /* Debug */,
				63F544C319D85FCC00B3C0CE /* Release */,
			);
			defaultConfigurationIsVisible = 0;
		};
/* End XCConfigurationList section */
	};
	rootObject = 63F5449319D85FCC00B3C0CE /* Project object */;
}
