// !$*UTF8*$!
{
	archiveVersion = 1;
	classes = {
	};
	objectVersion = 46;
	objects = {

/* Begin PBXBuildFile section */
		63A4C91819DD709500E418F8 /* YellowView.xib in Resources */ = {isa = PBXBuildFile; fileRef = 63A4C91719DD709500E418F8 /* YellowView.xib */; };
		63A4C91A19DD70F300E418F8 /* BlueView.xib in Resources */ = {isa = PBXBuildFile; fileRef = 63A4C91919DD70F300E418F8 /* BlueView.xib */; };
		63A4C92219DD725400E418F8 /* BlueViewController.m in Sources */ = {isa = PBXBuildFile; fileRef = 63A4C92119DD725400E418F8 /* BlueViewController.m */; };
		63A4C92519DD725F00E418F8 /* YellowViewController.m in Sources */ = {isa = PBXBuildFile; fileRef = 63A4C92419DD725F00E418F8 /* YellowViewController.m */; };
		63A4C92F19DD8EFF00E418F8 /* SwitchViewController.m in Sources */ = {isa = PBXBuildFile; fileRef = 63A4C92E19DD8EFF00E418F8 /* SwitchViewController.m */; };
		63A4C93119DD8F0C00E418F8 /* SwitchView.xib in Resources */ = {isa = PBXBuildFile; fileRef = 63A4C93019DD8F0C00E418F8 /* SwitchView.xib */; };
		63E5470C19DD6D110085F693 /* main.m in Sources */ = {isa = PBXBuildFile; fileRef = 63E5470B19DD6D110085F693 /* main.m */; };
		63E5470F19DD6D110085F693 /* AppDelegate.m in Sources */ = {isa = PBXBuildFile; fileRef = 63E5470E19DD6D110085F693 /* AppDelegate.m */; };
		63E5471719DD6D110085F693 /* Images.xcassets in Resources */ = {isa = PBXBuildFile; fileRef = 63E5471619DD6D110085F693 /* Images.xcassets */; };
		63E5471A19DD6D110085F693 /* LaunchScreen.xib in Resources */ = {isa = PBXBuildFile; fileRef = 63E5471819DD6D110085F693 /* LaunchScreen.xib */; };
		63E5472619DD6D110085F693 /* ViewSwitcherTests.m in Sources */ = {isa = PBXBuildFile; fileRef = 63E5472519DD6D110085F693 /* ViewSwitcherTests.m */; };
/* End PBXBuildFile section */

/* Begin PBXContainerItemProxy section */
		63E5472019DD6D110085F693 /* PBXContainerItemProxy */ = {
			isa = PBXContainerItemProxy;
			containerPortal = 63E546FE19DD6D110085F693 /* Project object */;
			proxyType = 1;
			remoteGlobalIDString = 63E5470519DD6D110085F693;
			remoteInfo = ViewSwitcher;
		};
/* End PBXContainerItemProxy section */

/* Begin PBXFileReference section */
		63A4C91719DD709500E418F8 /* YellowView.xib */ = {isa = PBXFileReference; fileEncoding = 4; lastKnownFileType = file.xib; path = YellowView.xib; sourceTree = "<group>"; };
		63A4C91919DD70F300E418F8 /* BlueView.xib */ = {isa = PBXFileReference; fileEncoding = 4; lastKnownFileType = file.xib; path = BlueView.xib; sourceTree = "<group>"; };
		63A4C92019DD725400E418F8 /* BlueViewController.h */ = {isa = PBXFileReference; fileEncoding = 4; lastKnownFileType = sourcecode.c.h; name = BlueViewController.h; path = ../BlueViewController.h; sourceTree = "<group>"; };
		63A4C92119DD725400E418F8 /* BlueViewController.m */ = {isa = PBXFileReference; fileEncoding = 4; lastKnownFileType = sourcecode.c.objc; name = BlueViewController.m; path = ../BlueViewController.m; sourceTree = "<group>"; };
		63A4C92319DD725F00E418F8 /* YellowViewController.h */ = {isa = PBXFileReference; fileEncoding = 4; lastKnownFileType = sourcecode.c.h; path = YellowViewController.h; sourceTree = "<group>"; };
		63A4C92419DD725F00E418F8 /* YellowViewController.m */ = {isa = PBXFileReference; fileEncoding = 4; lastKnownFileType = sourcecode.c.objc; path = YellowViewController.m; sourceTree = "<group>"; };
		63A4C92D19DD8EFF00E418F8 /* SwitchViewController.h */ = {isa = PBXFileReference; fileEncoding = 4; lastKnownFileType = sourcecode.c.h; name = SwitchViewController.h; path = ../SwitchViewController.h; sourceTree = "<group>"; };
		63A4C92E19DD8EFF00E418F8 /* SwitchViewController.m */ = {isa = PBXFileReference; fileEncoding = 4; lastKnownFileType = sourcecode.c.objc; name = SwitchViewController.m; path = ../SwitchViewController.m; sourceTree = "<group>"; };
		63A4C93019DD8F0C00E418F8 /* SwitchView.xib */ = {isa = PBXFileReference; fileEncoding = 4; lastKnownFileType = file.xib; name = SwitchView.xib; path = ../SwitchView.xib; sourceTree = "<group>"; };
		63E5470619DD6D110085F693 /* ViewSwitcher.app */ = {isa = PBXFileReference; explicitFileType = wrapper.application; includeInIndex = 0; path = ViewSwitcher.app; sourceTree = BUILT_PRODUCTS_DIR; };
		63E5470A19DD6D110085F693 /* Info.plist */ = {isa = PBXFileReference; lastKnownFileType = text.plist.xml; path = Info.plist; sourceTree = "<group>"; };
		63E5470B19DD6D110085F693 /* main.m */ = {isa = PBXFileReference; lastKnownFileType = sourcecode.c.objc; path = main.m; sourceTree = "<group>"; };
		63E5470D19DD6D110085F693 /* AppDelegate.h */ = {isa = PBXFileReference; lastKnownFileType = sourcecode.c.h; path = AppDelegate.h; sourceTree = "<group>"; };
		63E5470E19DD6D110085F693 /* AppDelegate.m */ = {isa = PBXFileReference; lastKnownFileType = sourcecode.c.objc; path = AppDelegate.m; sourceTree = "<group>"; };
		63E5471619DD6D110085F693 /* Images.xcassets */ = {isa = PBXFileReference; lastKnownFileType = folder.assetcatalog; path = Images.xcassets; sourceTree = "<group>"; };
		63E5471919DD6D110085F693 /* Base */ = {isa = PBXFileReference; lastKnownFileType = file.xib; name = Base; path = Base.lproj/LaunchScreen.xib; sourceTree = "<group>"; };
		63E5471F19DD6D110085F693 /* ViewSwitcherTests.xctest */ = {isa = PBXFileReference; explicitFileType = wrapper.cfbundle; includeInIndex = 0; path = ViewSwitcherTests.xctest; sourceTree = BUILT_PRODUCTS_DIR; };
		63E5472419DD6D110085F693 /* Info.plist */ = {isa = PBXFileReference; lastKnownFileType = text.plist.xml; path = Info.plist; sourceTree = "<group>"; };
		63E5472519DD6D110085F693 /* ViewSwitcherTests.m */ = {isa = PBXFileReference; lastKnownFileType = sourcecode.c.objc; path = ViewSwitcherTests.m; sourceTree = "<group>"; };
/* End PBXFileReference section */

/* Begin PBXFrameworksBuildPhase section */
		63E5470319DD6D110085F693 /* Frameworks */ = {
			isa = PBXFrameworksBuildPhase;
			buildActionMask = 2147483647;
			files = (
			);
			runOnlyForDeploymentPostprocessing = 0;
		};
		63E5471C19DD6D110085F693 /* Frameworks */ = {
			isa = PBXFrameworksBuildPhase;
			buildActionMask = 2147483647;
			files = (
			);
			runOnlyForDeploymentPostprocessing = 0;
		};
/* End PBXFrameworksBuildPhase section */

/* Begin PBXGroup section */
		63E546FD19DD6D110085F693 = {
			isa = PBXGroup;
			children = (
				63E5470819DD6D110085F693 /* ViewSwitcher */,
				63E5472219DD6D110085F693 /* ViewSwitcherTests */,
				63E5470719DD6D110085F693 /* Products */,
			);
			sourceTree = "<group>";
		};
		63E5470719DD6D110085F693 /* Products */ = {
			isa = PBXGroup;
			children = (
				63E5470619DD6D110085F693 /* ViewSwitcher.app */,
				63E5471F19DD6D110085F693 /* ViewSwitcherTests.xctest */,
			);
			name = Products;
			sourceTree = "<group>";
		};
		63E5470819DD6D110085F693 /* ViewSwitcher */ = {
			isa = PBXGroup;
			children = (
				63E5470D19DD6D110085F693 /* AppDelegate.h */,
				63E5470E19DD6D110085F693 /* AppDelegate.m */,
				63A4C93019DD8F0C00E418F8 /* SwitchView.xib */,
				63A4C92D19DD8EFF00E418F8 /* SwitchViewController.h */,
				63A4C92E19DD8EFF00E418F8 /* SwitchViewController.m */,
				63A4C91719DD709500E418F8 /* YellowView.xib */,
				63A4C92319DD725F00E418F8 /* YellowViewController.h */,
				63A4C92419DD725F00E418F8 /* YellowViewController.m */,
				63A4C91919DD70F300E418F8 /* BlueView.xib */,
				63A4C92019DD725400E418F8 /* BlueViewController.h */,
				63A4C92119DD725400E418F8 /* BlueViewController.m */,
				63E5471619DD6D110085F693 /* Images.xcassets */,
				63E5471819DD6D110085F693 /* LaunchScreen.xib */,
				63E5470919DD6D110085F693 /* Supporting Files */,
			);
			path = ViewSwitcher;
			sourceTree = "<group>";
		};
		63E5470919DD6D110085F693 /* Supporting Files */ = {
			isa = PBXGroup;
			children = (
				63E5470A19DD6D110085F693 /* Info.plist */,
				63E5470B19DD6D110085F693 /* main.m */,
			);
			name = "Supporting Files";
			sourceTree = "<group>";
		};
		63E5472219DD6D110085F693 /* ViewSwitcherTests */ = {
			isa = PBXGroup;
			children = (
				63E5472519DD6D110085F693 /* ViewSwitcherTests.m */,
				63E5472319DD6D110085F693 /* Supporting Files */,
			);
			path = ViewSwitcherTests;
			sourceTree = "<group>";
		};
		63E5472319DD6D110085F693 /* Supporting Files */ = {
			isa = PBXGroup;
			children = (
				63E5472419DD6D110085F693 /* Info.plist */,
			);
			name = "Supporting Files";
			sourceTree = "<group>";
		};
/* End PBXGroup section */

/* Begin PBXNativeTarget section */
		63E5470519DD6D110085F693 /* ViewSwitcher */ = {
			isa = PBXNativeTarget;
			buildConfigurationList = 63E5472919DD6D110085F693 /* Build configuration list for PBXNativeTarget "ViewSwitcher" */;
			buildPhases = (
				63E5470219DD6D110085F693 /* Sources */,
				63E5470319DD6D110085F693 /* Frameworks */,
				63E5470419DD6D110085F693 /* Resources */,
			);
			buildRules = (
			);
			dependencies = (
			);
			name = ViewSwitcher;
			productName = ViewSwitcher;
			productReference = 63E5470619DD6D110085F693 /* ViewSwitcher.app */;
			productType = "com.apple.product-type.application";
		};
		63E5471E19DD6D110085F693 /* ViewSwitcherTests */ = {
			isa = PBXNativeTarget;
			buildConfigurationList = 63E5472C19DD6D110085F693 /* Build configuration list for PBXNativeTarget "ViewSwitcherTests" */;
			buildPhases = (
				63E5471B19DD6D110085F693 /* Sources */,
				63E5471C19DD6D110085F693 /* Frameworks */,
				63E5471D19DD6D110085F693 /* Resources */,
			);
			buildRules = (
			);
			dependencies = (
				63E5472119DD6D110085F693 /* PBXTargetDependency */,
			);
			name = ViewSwitcherTests;
			productName = ViewSwitcherTests;
			productReference = 63E5471F19DD6D110085F693 /* ViewSwitcherTests.xctest */;
			productType = "com.apple.product-type.bundle.unit-test";
		};
/* End PBXNativeTarget section */

/* Begin PBXProject section */
		63E546FE19DD6D110085F693 /* Project object */ = {
			isa = PBXProject;
			attributes = {
				LastUpgradeCheck = 0610;
				ORGANIZATIONNAME = jarvis;
				TargetAttributes = {
					63E5470519DD6D110085F693 = {
						CreatedOnToolsVersion = 6.1;
					};
					63E5471E19DD6D110085F693 = {
						CreatedOnToolsVersion = 6.1;
						TestTargetID = 63E5470519DD6D110085F693;
					};
				};
			};
			buildConfigurationList = 63E5470119DD6D110085F693 /* Build configuration list for PBXProject "ViewSwitcher" */;
			compatibilityVersion = "Xcode 3.2";
			developmentRegion = English;
			hasScannedForEncodings = 0;
			knownRegions = (
				en,
				Base,
			);
			mainGroup = 63E546FD19DD6D110085F693;
			productRefGroup = 63E5470719DD6D110085F693 /* Products */;
			projectDirPath = "";
			projectRoot = "";
			targets = (
				63E5470519DD6D110085F693 /* ViewSwitcher */,
				63E5471E19DD6D110085F693 /* ViewSwitcherTests */,
			);
		};
/* End PBXProject section */

/* Begin PBXResourcesBuildPhase section */
		63E5470419DD6D110085F693 /* Resources */ = {
			isa = PBXResourcesBuildPhase;
			buildActionMask = 2147483647;
			files = (
				63A4C93119DD8F0C00E418F8 /* SwitchView.xib in Resources */,
				63E5471A19DD6D110085F693 /* LaunchScreen.xib in Resources */,
				63A4C91A19DD70F300E418F8 /* BlueView.xib in Resources */,
				63A4C91819DD709500E418F8 /* YellowView.xib in Resources */,
				63E5471719DD6D110085F693 /* Images.xcassets in Resources */,
			);
			runOnlyForDeploymentPostprocessing = 0;
		};
		63E5471D19DD6D110085F693 /* Resources */ = {
			isa = PBXResourcesBuildPhase;
			buildActionMask = 2147483647;
			files = (
			);
			runOnlyForDeploymentPostprocessing = 0;
		};
/* End PBXResourcesBuildPhase section */

/* Begin PBXSourcesBuildPhase section */
		63E5470219DD6D110085F693 /* Sources */ = {
			isa = PBXSourcesBuildPhase;
			buildActionMask = 2147483647;
			files = (
				63E5470F19DD6D110085F693 /* AppDelegate.m in Sources */,
				63A4C92519DD725F00E418F8 /* YellowViewController.m in Sources */,
				63A4C92219DD725400E418F8 /* BlueViewController.m in Sources */,
				63A4C92F19DD8EFF00E418F8 /* SwitchViewController.m in Sources */,
				63E5470C19DD6D110085F693 /* main.m in Sources */,
			);
			runOnlyForDeploymentPostprocessing = 0;
		};
		63E5471B19DD6D110085F693 /* Sources */ = {
			isa = PBXSourcesBuildPhase;
			buildActionMask = 2147483647;
			files = (
				63E5472619DD6D110085F693 /* ViewSwitcherTests.m in Sources */,
			);
			runOnlyForDeploymentPostprocessing = 0;
		};
/* End PBXSourcesBuildPhase section */

/* Begin PBXTargetDependency section */
		63E5472119DD6D110085F693 /* PBXTargetDependency */ = {
			isa = PBXTargetDependency;
			target = 63E5470519DD6D110085F693 /* ViewSwitcher */;
			targetProxy = 63E5472019DD6D110085F693 /* PBXContainerItemProxy */;
		};
/* End PBXTargetDependency section */

/* Begin PBXVariantGroup section */
		63E5471819DD6D110085F693 /* LaunchScreen.xib */ = {
			isa = PBXVariantGroup;
			children = (
				63E5471919DD6D110085F693 /* Base */,
			);
			name = LaunchScreen.xib;
			sourceTree = "<group>";
		};
/* End PBXVariantGroup section */

/* Begin XCBuildConfiguration section */
		63E5472719DD6D110085F693 /* Debug */ = {
			isa = XCBuildConfiguration;
			buildSettings = {
				ALWAYS_SEARCH_USER_PATHS = NO;
				CLANG_CXX_LANGUAGE_STANDARD = "gnu++0x";
				CLANG_CXX_LIBRARY = "libc++";
				CLANG_ENABLE_MODULES = YES;
				CLANG_ENABLE_OBJC_ARC = YES;
				CLANG_WARN_BOOL_CONVERSION = YES;
				CLANG_WARN_CONSTANT_CONVERSION = YES;
				CLANG_WARN_DIRECT_OBJC_ISA_USAGE = YES_ERROR;
				CLANG_WARN_EMPTY_BODY = YES;
				CLANG_WARN_ENUM_CONVERSION = YES;
				CLANG_WARN_INT_CONVERSION = YES;
				CLANG_WARN_OBJC_ROOT_CLASS = YES_ERROR;
				CLANG_WARN_UNREACHABLE_CODE = YES;
				CLANG_WARN__DUPLICATE_METHOD_MATCH = YES;
				"CODE_SIGN_IDENTITY[sdk=iphoneos*]" = "iPhone Developer";
				COPY_PHASE_STRIP = NO;
				ENABLE_STRICT_OBJC_MSGSEND = YES;
				GCC_C_LANGUAGE_STANDARD = gnu99;
				GCC_DYNAMIC_NO_PIC = NO;
				GCC_OPTIMIZATION_LEVEL = 0;
				GCC_PREPROCESSOR_DEFINITIONS = (
					"DEBUG=1",
					"$(inherited)",
				);
				GCC_SYMBOLS_PRIVATE_EXTERN = NO;
				GCC_WARN_64_TO_32_BIT_CONVERSION = YES;
				GCC_WARN_ABOUT_RETURN_TYPE = YES_ERROR;
				GCC_WARN_UNDECLARED_SELECTOR = YES;
				GCC_WARN_UNINITIALIZED_AUTOS = YES_AGGRESSIVE;
				GCC_WARN_UNUSED_FUNCTION = YES;
				GCC_WARN_UNUSED_VARIABLE = YES;
				IPHONEOS_DEPLOYMENT_TARGET = 8.0;
				MTL_ENABLE_DEBUG_INFO = YES;
				ONLY_ACTIVE_ARCH = YES;
				SDKROOT = iphoneos;
			};
			name = Debug;
		};
		63E5472819DD6D110085F693 /* Release */ = {
			isa = XCBuildConfiguration;
			buildSettings = {
				ALWAYS_SEARCH_USER_PATHS = NO;
				CLANG_CXX_LANGUAGE_STANDARD = "gnu++0x";
				CLANG_CXX_LIBRARY = "libc++";
				CLANG_ENABLE_MODULES = YES;
				CLANG_ENABLE_OBJC_ARC = YES;
				CLANG_WARN_BOOL_CONVERSION = YES;
				CLANG_WARN_CONSTANT_CONVERSION = YES;
				CLANG_WARN_DIRECT_OBJC_ISA_USAGE = YES_ERROR;
				CLANG_WARN_EMPTY_BODY = YES;
				CLANG_WARN_ENUM_CONVERSION = YES;
				CLANG_WARN_INT_CONVERSION = YES;
				CLANG_WARN_OBJC_ROOT_CLASS = YES_ERROR;
				CLANG_WARN_UNREACHABLE_CODE = YES;
				CLANG_WARN__DUPLICATE_METHOD_MATCH = YES;
				"CODE_SIGN_IDENTITY[sdk=iphoneos*]" = "iPhone Developer";
				COPY_PHASE_STRIP = YES;
				ENABLE_NS_ASSERTIONS = NO;
				ENABLE_STRICT_OBJC_MSGSEND = YES;
				GCC_C_LANGUAGE_STANDARD = gnu99;
				GCC_WARN_64_TO_32_BIT_CONVERSION = YES;
				GCC_WARN_ABOUT_RETURN_TYPE = YES_ERROR;
				GCC_WARN_UNDECLARED_SELECTOR = YES;
				GCC_WARN_UNINITIALIZED_AUTOS = YES_AGGRESSIVE;
				GCC_WARN_UNUSED_FUNCTION = YES;
				GCC_WARN_UNUSED_VARIABLE = YES;
				IPHONEOS_DEPLOYMENT_TARGET = 8.0;
				MTL_ENABLE_DEBUG_INFO = NO;
				SDKROOT = iphoneos;
				VALIDATE_PRODUCT = YES;
			};
			name = Release;
		};
		63E5472A19DD6D110085F693 /* Debug */ = {
			isa = XCBuildConfiguration;
			buildSettings = {
				ASSETCATALOG_COMPILER_APPICON_NAME = AppIcon;
				INFOPLIST_FILE = ViewSwitcher/Info.plist;
				LD_RUNPATH_SEARCH_PATHS = "$(inherited) @executable_path/Frameworks";
				PRODUCT_NAME = "$(TARGET_NAME)";
			};
			name = Debug;
		};
		63E5472B19DD6D110085F693 /* Release */ = {
			isa = XCBuildConfiguration;
			buildSettings = {
				ASSETCATALOG_COMPILER_APPICON_NAME = AppIcon;
				INFOPLIST_FILE = ViewSwitcher/Info.plist;
				LD_RUNPATH_SEARCH_PATHS = "$(inherited) @executable_path/Frameworks";
				PRODUCT_NAME = "$(TARGET_NAME)";
			};
			name = Release;
		};
		63E5472D19DD6D110085F693 /* Debug */ = {
			isa = XCBuildConfiguration;
			buildSettings = {
				BUNDLE_LOADER = "$(TEST_HOST)";
				FRAMEWORK_SEARCH_PATHS = (
					"$(SDKROOT)/Developer/Library/Frameworks",
					"$(inherited)",
				);
				GCC_PREPROCESSOR_DEFINITIONS = (
					"DEBUG=1",
					"$(inherited)",
				);
				INFOPLIST_FILE = ViewSwitcherTests/Info.plist;
				LD_RUNPATH_SEARCH_PATHS = "$(inherited) @executable_path/Frameworks @loader_path/Frameworks";
				PRODUCT_NAME = "$(TARGET_NAME)";
				TEST_HOST = "$(BUILT_PRODUCTS_DIR)/ViewSwitcher.app/ViewSwitcher";
			};
			name = Debug;
		};
		63E5472E19DD6D110085F693 /* Release */ = {
			isa = XCBuildConfiguration;
			buildSettings = {
				BUNDLE_LOADER = "$(TEST_HOST)";
				FRAMEWORK_SEARCH_PATHS = (
					"$(SDKROOT)/Developer/Library/Frameworks",
					"$(inherited)",
				);
				INFOPLIST_FILE = ViewSwitcherTests/Info.plist;
				LD_RUNPATH_SEARCH_PATHS = "$(inherited) @executable_path/Frameworks @loader_path/Frameworks";
				PRODUCT_NAME = "$(TARGET_NAME)";
				TEST_HOST = "$(BUILT_PRODUCTS_DIR)/ViewSwitcher.app/ViewSwitcher";
			};
			name = Release;
		};
/* End XCBuildConfiguration section */

/* Begin XCConfigurationList section */
		63E5470119DD6D110085F693 /* Build configuration list for PBXProject "ViewSwitcher" */ = {
			isa = XCConfigurationList;
			buildConfigurations = (
				63E5472719DD6D110085F693 /* Debug */,
				63E5472819DD6D110085F693 /* Release */,
			);
			defaultConfigurationIsVisible = 0;
			defaultConfigurationName = Release;
		};
		63E5472919DD6D110085F693 /* Build configuration list for PBXNativeTarget "ViewSwitcher" */ = {
			isa = XCConfigurationList;
			buildConfigurations = (
				63E5472A19DD6D110085F693 /* Debug */,
				63E5472B19DD6D110085F693 /* Release */,
			);
			defaultConfigurationIsVisible = 0;
			defaultConfigurationName = Release;
		};
		63E5472C19DD6D110085F693 /* Build configuration list for PBXNativeTarget "ViewSwitcherTests" */ = {
			isa = XCConfigurationList;
			buildConfigurations = (
				63E5472D19DD6D110085F693 /* Debug */,
				63E5472E19DD6D110085F693 /* Release */,
			);
			defaultConfigurationIsVisible = 0;
			defaultConfigurationName = Release;
		};
/* End XCConfigurationList section */
	};
	rootObject = 63E546FE19DD6D110085F693 /* Project object */;
}
